// !$*UTF8*$!
{
	archiveVersion = 1;
	classes = {
	};
	objectVersion = 46;
	objects = {

/* Begin PBXBuildFile section */
		00748058165D41390024B57A /* assets in Resources */ = {isa = PBXBuildFile; fileRef = 00748057165D41390024B57A /* assets */; };
		0087D25512CD809F002CD69F /* CoreText.framework in Frameworks */ = {isa = PBXBuildFile; fileRef = 0087D25412CD809F002CD69F /* CoreText.framework */; };
		00CFDF6B1138442D0091E310 /* CoreGraphics.framework in Frameworks */ = {isa = PBXBuildFile; fileRef = 00CFDF6A1138442D0091E310 /* CoreGraphics.framework */; };
		028B66FFBD7049E492AFB157 /* Default-568h@2x.png in Resources */ = {isa = PBXBuildFile; fileRef = ADD4FDF2AE8641CA8964FE23 /* Default-568h@2x.png */; };
		1312D0486853459F9336CB95 /* Locus2d.cpp in Sources */ = {isa = PBXBuildFile; fileRef = 4D81F926208940D9B990BB65 /* Locus2d.cpp */; };
		15381C3D178094AF00F13C65 /* Renderer2dStrip.cpp in Sources */ = {isa = PBXBuildFile; fileRef = 15381C3C178094AF00F13C65 /* Renderer2dStrip.cpp */; };
		19305A5584C543D8AE894D01 /* FileUtils.cpp in Sources */ = {isa = PBXBuildFile; fileRef = 25A03D4DA50A40E8A458DCBB /* FileUtils.cpp */; };
		1D60589F0D05DD5A006BFB54 /* Foundation.framework in Frameworks */ = {isa = PBXBuildFile; fileRef = 1D30AB110D05D00D00671497 /* Foundation.framework */; };
		1DF5F4E00D08C38300B7A737 /* UIKit.framework in Frameworks */ = {isa = PBXBuildFile; fileRef = 1DF5F4DF0D08C38300B7A737 /* UIKit.framework */; };
		28FD15000DC6FC520079059D /* OpenGLES.framework in Frameworks */ = {isa = PBXBuildFile; fileRef = 28FD14FF0DC6FC520079059D /* OpenGLES.framework */; };
		28FD15080DC6FC5B0079059D /* QuartzCore.framework in Frameworks */ = {isa = PBXBuildFile; fileRef = 28FD15070DC6FC5B0079059D /* QuartzCore.framework */; };
		2ED38F6CF2CF47618328187A /* ColorPalette.cpp in Sources */ = {isa = PBXBuildFile; fileRef = 90512313D81B42D68E105099 /* ColorPalette.cpp */; };
		57AB8651357B428388F89BE1 /* ExpandedLine2d.cpp in Sources */ = {isa = PBXBuildFile; fileRef = 58920F3ADDA242819ED93D8B /* ExpandedLine2d.cpp */; };
		72DF2B44EEF94E409B0DBC0B /* SpriteSheet.cpp in Sources */ = {isa = PBXBuildFile; fileRef = 02F14BFDAACE4F8A93C2B2CD /* SpriteSheet.cpp */; };
		82C898AD65ED43FF9B5E17AD /* AnimationUtils.cpp in Sources */ = {isa = PBXBuildFile; fileRef = 1963E294E15543A4A86F3ECD /* AnimationUtils.cpp */; };
		9C95E47E00C140A99F7E27F8 /* ImagePacker.cpp in Sources */ = {isa = PBXBuildFile; fileRef = E9777882C35E4D64BC8B1CDA /* ImagePacker.cpp */; };
		A9BAF7B1F27B4699B3BAC546 /* RendererTestApp.cpp in Sources */ = {isa = PBXBuildFile; fileRef = 9A5FBFC280FB49BEB4DEEBB5 /* RendererTestApp.cpp */; };
		AC90CDB426694789BAD28DCD /* FatPath2d.cpp in Sources */ = {isa = PBXBuildFile; fileRef = 310276E624254F459E7D6FFC /* FatPath2d.cpp */; };
		BE57EDF026B942DFB394D708 /* Vbo.cpp in Sources */ = {isa = PBXBuildFile; fileRef = 00EAB84F87D147F4A9D3A839 /* Vbo.cpp */; };
		BF06A5A166984FB2801C63E7 /* SimpleRenderer.cpp in Sources */ = {isa = PBXBuildFile; fileRef = 03B734A1AF3E4AA5AFFFD3FB /* SimpleRenderer.cpp */; };
		C725DFFE121DAC7F00FA186B /* CoreMedia.framework in Frameworks */ = {isa = PBXBuildFile; fileRef = C727C02B121B400300192073 /* CoreMedia.framework */; settings = {ATTRIBUTES = (Weak, ); }; };
		C725E001121DAC8F00FA186B /* AVFoundation.framework in Frameworks */ = {isa = PBXBuildFile; fileRef = C725E000121DAC8F00FA186B /* AVFoundation.framework */; settings = {ATTRIBUTES = (Weak, ); }; };
		C725E001121DAC8FFFFA18FF /* ImageIO.framework in Frameworks */ = {isa = PBXBuildFile; fileRef = 00CFDF6A1138442D0091FFFF /* ImageIO.framework */; };
		C727C02E121B400300192073 /* CoreVideo.framework in Frameworks */ = {isa = PBXBuildFile; fileRef = C727C02D121B400300192073 /* CoreVideo.framework */; settings = {ATTRIBUTES = (Weak, ); }; };
		C7FB19D6124BC0D70045AFD2 /* AudioToolbox.framework in Frameworks */ = {isa = PBXBuildFile; fileRef = C7FB19D5124BC0D70045AFD2 /* AudioToolbox.framework */; };
		CFFD2C0F54224C0795CB2AC7 /* Sprite.cpp in Sources */ = {isa = PBXBuildFile; fileRef = 44E56F437424407BBDEF76E5 /* Sprite.cpp */; };
		DDDDE001121DAC8FFFFADDDD /* MobileCoreServices.framework in Frameworks */ = {isa = PBXBuildFile; fileRef = DDDDDF6A1138442D0091DDDD /* MobileCoreServices.framework */; };
		E65ECC32269440379A118169 /* LineUtils.cpp in Sources */ = {isa = PBXBuildFile; fileRef = 7888080EE03D472B816A249D /* LineUtils.cpp */; };
		ED8312681A6D4FEA89069600 /* CinderApp_ios.png in Resources */ = {isa = PBXBuildFile; fileRef = 4F704082E03942818672D826 /* CinderApp_ios.png */; };
/* End PBXBuildFile section */

/* Begin PBXFileReference section */
		00692BCF14FF149000D0A05E /* RendererTest.app */ = {isa = PBXFileReference; explicitFileType = wrapper.application; includeInIndex = 0; path = RendererTest.app; sourceTree = BUILT_PRODUCTS_DIR; };
		00748057165D41390024B57A /* assets */ = {isa = PBXFileReference; lastKnownFileType = folder; name = assets; path = ../assets; sourceTree = "<group>"; };
		0087D25412CD809F002CD69F /* CoreText.framework */ = {isa = PBXFileReference; lastKnownFileType = wrapper.framework; name = CoreText.framework; path = System/Library/Frameworks/CoreText.framework; sourceTree = SDKROOT; };
		00CFDF6A1138442D0091E310 /* CoreGraphics.framework */ = {isa = PBXFileReference; lastKnownFileType = wrapper.framework; name = CoreGraphics.framework; path = System/Library/Frameworks/CoreGraphics.framework; sourceTree = SDKROOT; };
		00CFDF6A1138442D0091FFFF /* ImageIO.framework */ = {isa = PBXFileReference; lastKnownFileType = wrapper.framework; name = ImageIO.framework; path = System/Library/Frameworks/ImageIO.framework; sourceTree = SDKROOT; };
		00EAB84F87D147F4A9D3A839 /* Vbo.cpp */ = {isa = PBXFileReference; lastKnownFileType = sourcecode.c.cpp; name = Vbo.cpp; path = ../../../src/pockets/gl/Vbo.cpp; sourceTree = "<group>"; };
		02F14BFDAACE4F8A93C2B2CD /* SpriteSheet.cpp */ = {isa = PBXFileReference; lastKnownFileType = sourcecode.c.cpp; name = SpriteSheet.cpp; path = ../../../src/pockets/SpriteSheet.cpp; sourceTree = "<group>"; };
		03B734A1AF3E4AA5AFFFD3FB /* SimpleRenderer.cpp */ = {isa = PBXFileReference; lastKnownFileType = sourcecode.c.cpp; name = SimpleRenderer.cpp; path = ../../../src/pockets/SimpleRenderer.cpp; sourceTree = "<group>"; };
		15381C3B178094AF00F13C65 /* Renderer2dStrip.h */ = {isa = PBXFileReference; fileEncoding = 4; lastKnownFileType = sourcecode.c.h; name = Renderer2dStrip.h; path = ../../../src/pockets/Renderer2dStrip.h; sourceTree = "<group>"; };
		15381C3C178094AF00F13C65 /* Renderer2dStrip.cpp */ = {isa = PBXFileReference; fileEncoding = 4; lastKnownFileType = sourcecode.cpp.cpp; name = Renderer2dStrip.cpp; path = ../../../src/pockets/Renderer2dStrip.cpp; sourceTree = "<group>"; };
		1963E294E15543A4A86F3ECD /* AnimationUtils.cpp */ = {isa = PBXFileReference; lastKnownFileType = sourcecode.c.cpp; name = AnimationUtils.cpp; path = ../../../src/pockets/AnimationUtils.cpp; sourceTree = "<group>"; };
		1D30AB110D05D00D00671497 /* Foundation.framework */ = {isa = PBXFileReference; lastKnownFileType = wrapper.framework; name = Foundation.framework; path = System/Library/Frameworks/Foundation.framework; sourceTree = SDKROOT; };
		1DF5F4DF0D08C38300B7A737 /* UIKit.framework */ = {isa = PBXFileReference; lastKnownFileType = wrapper.framework; name = UIKit.framework; path = System/Library/Frameworks/UIKit.framework; sourceTree = SDKROOT; };
		23E6CC2560BA4C74BA676782 /* Info.plist */ = {isa = PBXFileReference; lastKnownFileType = text.plist.xml; path = Info.plist; sourceTree = "<group>"; };
		25A03D4DA50A40E8A458DCBB /* FileUtils.cpp */ = {isa = PBXFileReference; lastKnownFileType = sourcecode.c.cpp; name = FileUtils.cpp; path = ../../../src/pockets/FileUtils.cpp; sourceTree = "<group>"; };
		28FD14FF0DC6FC520079059D /* OpenGLES.framework */ = {isa = PBXFileReference; lastKnownFileType = wrapper.framework; name = OpenGLES.framework; path = System/Library/Frameworks/OpenGLES.framework; sourceTree = SDKROOT; };
		28FD15070DC6FC5B0079059D /* QuartzCore.framework */ = {isa = PBXFileReference; lastKnownFileType = wrapper.framework; name = QuartzCore.framework; path = System/Library/Frameworks/QuartzCore.framework; sourceTree = SDKROOT; };
		29EAEC0F9B204FE6965F74C1 /* SpriteSheet.h */ = {isa = PBXFileReference; lastKnownFileType = sourcecode.c.h; name = SpriteSheet.h; path = ../../../src/pockets/SpriteSheet.h; sourceTree = "<group>"; };
		310276E624254F459E7D6FFC /* FatPath2d.cpp */ = {isa = PBXFileReference; lastKnownFileType = sourcecode.c.cpp; name = FatPath2d.cpp; path = ../../../src/pockets/FatPath2d.cpp; sourceTree = "<group>"; };
		3629D5DE876C49858CEE5350 /* Pockets.h */ = {isa = PBXFileReference; lastKnownFileType = sourcecode.c.h; name = Pockets.h; path = ../../../src/pockets/Pockets.h; sourceTree = "<group>"; };
		363915B4B675453DB9AE77C2 /* RendererTest_Prefix.pch */ = {isa = PBXFileReference; lastKnownFileType = "\"\""; path = RendererTest_Prefix.pch; sourceTree = "<group>"; };
		3AE7B7878ADF4A848C53C42B /* Sprite.h */ = {isa = PBXFileReference; lastKnownFileType = sourcecode.c.h; name = Sprite.h; path = ../../../src/pockets/Sprite.h; sourceTree = "<group>"; };
		44E56F437424407BBDEF76E5 /* Sprite.cpp */ = {isa = PBXFileReference; lastKnownFileType = sourcecode.c.cpp; name = Sprite.cpp; path = ../../../src/pockets/Sprite.cpp; sourceTree = "<group>"; };
		45E5651F1BCC4E008FDCE253 /* ExpandedLine2d.h */ = {isa = PBXFileReference; lastKnownFileType = sourcecode.c.h; name = ExpandedLine2d.h; path = ../../../src/pockets/ExpandedLine2d.h; sourceTree = "<group>"; };
		4D81F926208940D9B990BB65 /* Locus2d.cpp */ = {isa = PBXFileReference; lastKnownFileType = sourcecode.c.cpp; name = Locus2d.cpp; path = ../../../src/pockets/Locus2d.cpp; sourceTree = "<group>"; };
		4E979AD198FB46FDB38D8198 /* SimpleRenderer.h */ = {isa = PBXFileReference; lastKnownFileType = sourcecode.c.h; name = SimpleRenderer.h; path = ../../../src/pockets/SimpleRenderer.h; sourceTree = "<group>"; };
		4F704082E03942818672D826 /* CinderApp_ios.png */ = {isa = PBXFileReference; lastKnownFileType = "\"\""; name = CinderApp_ios.png; path = ../resources/CinderApp_ios.png; sourceTree = "<group>"; };
		58920F3ADDA242819ED93D8B /* ExpandedLine2d.cpp */ = {isa = PBXFileReference; lastKnownFileType = sourcecode.c.cpp; name = ExpandedLine2d.cpp; path = ../../../src/pockets/ExpandedLine2d.cpp; sourceTree = "<group>"; };
		6E9E79A8F53D446692DBADCE /* FatPath2d.h */ = {isa = PBXFileReference; lastKnownFileType = sourcecode.c.h; name = FatPath2d.h; path = ../../../src/pockets/FatPath2d.h; sourceTree = "<group>"; };
		7888080EE03D472B816A249D /* LineUtils.cpp */ = {isa = PBXFileReference; lastKnownFileType = sourcecode.c.cpp; name = LineUtils.cpp; path = ../../../src/pockets/LineUtils.cpp; sourceTree = "<group>"; };
		7F54C09A278D41CFBC30AC70 /* Resources.h */ = {isa = PBXFileReference; lastKnownFileType = sourcecode.c.h; name = Resources.h; path = ../include/Resources.h; sourceTree = "<group>"; };
		85956EF59F614DBDB6EA880E /* Vbo.h */ = {isa = PBXFileReference; lastKnownFileType = sourcecode.c.h; name = Vbo.h; path = ../../../src/pockets/gl/Vbo.h; sourceTree = "<group>"; };
		863645F140054CE7998A4236 /* Pockets.h */ = {isa = PBXFileReference; lastKnownFileType = sourcecode.c.h; name = Pockets.h; path = ../../../src/pockets/Pockets.h; sourceTree = "<group>"; };
		90512313D81B42D68E105099 /* ColorPalette.cpp */ = {isa = PBXFileReference; lastKnownFileType = sourcecode.c.cpp; name = ColorPalette.cpp; path = ../../../src/pockets/ColorPalette.cpp; sourceTree = "<group>"; };
		94F0BF75E8C040DEAD4B4EC7 /* ColorPalette.h */ = {isa = PBXFileReference; lastKnownFileType = sourcecode.c.h; name = ColorPalette.h; path = ../../../src/pockets/ColorPalette.h; sourceTree = "<group>"; };
		99855C13E93B40DF87A2461F /* ImagePacker.h */ = {isa = PBXFileReference; lastKnownFileType = sourcecode.c.h; name = ImagePacker.h; path = ../../../src/pockets/ImagePacker.h; sourceTree = "<group>"; };
		9A5FBFC280FB49BEB4DEEBB5 /* RendererTestApp.cpp */ = {isa = PBXFileReference; lastKnownFileType = sourcecode.c.cpp; name = RendererTestApp.cpp; path = ../src/RendererTestApp.cpp; sourceTree = "<group>"; };
		A5F1A3B153274126A90A0BE4 /* AnimationUtils.h */ = {isa = PBXFileReference; lastKnownFileType = sourcecode.c.h; name = AnimationUtils.h; path = ../../../src/pockets/AnimationUtils.h; sourceTree = "<group>"; };
		A813A748F88F4599B16F51EA /* Locus2d.h */ = {isa = PBXFileReference; lastKnownFileType = sourcecode.c.h; name = Locus2d.h; path = ../../../src/pockets/Locus2d.h; sourceTree = "<group>"; };
		ADD4FDF2AE8641CA8964FE23 /* Default-568h@2x.png */ = {isa = PBXFileReference; lastKnownFileType = "\"\""; path = "Default-568h@2x.png"; sourceTree = "<group>"; };
		B72CC808C4284DDF82694864 /* LineUtils.h */ = {isa = PBXFileReference; lastKnownFileType = sourcecode.c.h; name = LineUtils.h; path = ../../../src/pockets/LineUtils.h; sourceTree = "<group>"; };
		C725E000121DAC8F00FA186B /* AVFoundation.framework */ = {isa = PBXFileReference; lastKnownFileType = wrapper.framework; name = AVFoundation.framework; path = System/Library/Frameworks/AVFoundation.framework; sourceTree = SDKROOT; };
		C727C02B121B400300192073 /* CoreMedia.framework */ = {isa = PBXFileReference; lastKnownFileType = wrapper.framework; name = CoreMedia.framework; path = System/Library/Frameworks/CoreMedia.framework; sourceTree = SDKROOT; };
		C727C02D121B400300192073 /* CoreVideo.framework */ = {isa = PBXFileReference; lastKnownFileType = wrapper.framework; name = CoreVideo.framework; path = System/Library/Frameworks/CoreVideo.framework; sourceTree = SDKROOT; };
		C7FB19D5124BC0D70045AFD2 /* AudioToolbox.framework */ = {isa = PBXFileReference; lastKnownFileType = wrapper.framework; name = AudioToolbox.framework; path = System/Library/Frameworks/AudioToolbox.framework; sourceTree = SDKROOT; };
		DDDDDF6A1138442D0091DDDD /* MobileCoreServices.framework */ = {isa = PBXFileReference; lastKnownFileType = wrapper.framework; name = MobileCoreServices.framework; path = System/Library/Frameworks/MobileCoreServices.framework; sourceTree = SDKROOT; };
		E9777882C35E4D64BC8B1CDA /* ImagePacker.cpp */ = {isa = PBXFileReference; lastKnownFileType = sourcecode.c.cpp; name = ImagePacker.cpp; path = ../../../src/pockets/ImagePacker.cpp; sourceTree = "<group>"; };
		F0D6216C96B34482A5208ABB /* FileUtils.h */ = {isa = PBXFileReference; lastKnownFileType = sourcecode.c.h; name = FileUtils.h; path = ../../../src/pockets/FileUtils.h; sourceTree = "<group>"; };
/* End PBXFileReference section */

/* Begin PBXFrameworksBuildPhase section */
		00692BCC14FF149000D0A05E /* Frameworks */ = {
			isa = PBXFrameworksBuildPhase;
			buildActionMask = 2147483647;
			files = (
				C725E001121DAC8F00FA186B /* AVFoundation.framework in Frameworks */,
				C725DFFE121DAC7F00FA186B /* CoreMedia.framework in Frameworks */,
				C725E001121DAC8FFFFA18FF /* ImageIO.framework in Frameworks */,
				DDDDE001121DAC8FFFFADDDD /* MobileCoreServices.framework in Frameworks */,
				1D60589F0D05DD5A006BFB54 /* Foundation.framework in Frameworks */,
				1DF5F4E00D08C38300B7A737 /* UIKit.framework in Frameworks */,
				28FD15000DC6FC520079059D /* OpenGLES.framework in Frameworks */,
				28FD15080DC6FC5B0079059D /* QuartzCore.framework in Frameworks */,
				00CFDF6B1138442D0091E310 /* CoreGraphics.framework in Frameworks */,
				C727C02E121B400300192073 /* CoreVideo.framework in Frameworks */,
				C7FB19D6124BC0D70045AFD2 /* AudioToolbox.framework in Frameworks */,
				0087D25512CD809F002CD69F /* CoreText.framework in Frameworks */,
			);
			runOnlyForDeploymentPostprocessing = 0;
		};
/* End PBXFrameworksBuildPhase section */

/* Begin PBXGroup section */
		00692BC414FF149000D0A05E = {
			isa = PBXGroup;
			children = (
				99692BD914FF149000DFFFFF /* Blocks */,
				99692BD914FF149000D0A05F /* Headers */,
				00692BD914FF149000D0A05E /* Source */,
				00692BD914FF149000D0FFFF /* Resources */,
				00692BD214FF149000D0A05E /* Frameworks */,
				00692BD014FF149000D0A05E /* Products */,
			);
			sourceTree = "<group>";
		};
		00692BD014FF149000D0A05E /* Products */ = {
			isa = PBXGroup;
			children = (
				00692BCF14FF149000D0A05E /* RendererTest.app */,
			);
			name = Products;
			sourceTree = "<group>";
		};
		00692BD214FF149000D0A05E /* Frameworks */ = {
			isa = PBXGroup;
			children = (
				C7FB19D5124BC0D70045AFD2 /* AudioToolbox.framework */,
				C727C02B121B400300192073 /* CoreMedia.framework */,
				C727C02D121B400300192073 /* CoreVideo.framework */,
				28FD15070DC6FC5B0079059D /* QuartzCore.framework */,
				28FD14FF0DC6FC520079059D /* OpenGLES.framework */,
				1DF5F4DF0D08C38300B7A737 /* UIKit.framework */,
				1D30AB110D05D00D00671497 /* Foundation.framework */,
				00CFDF6A1138442D0091E310 /* CoreGraphics.framework */,
				00CFDF6A1138442D0091FFFF /* ImageIO.framework */,
				DDDDDF6A1138442D0091DDDD /* MobileCoreServices.framework */,
				C725E000121DAC8F00FA186B /* AVFoundation.framework */,
				0087D25412CD809F002CD69F /* CoreText.framework */,
			);
			name = Frameworks;
			sourceTree = "<group>";
		};
		00692BD914FF149000D0A05E /* Source */ = {
			isa = PBXGroup;
			children = (
				9A5FBFC280FB49BEB4DEEBB5 /* RendererTestApp.cpp */,
			);
			name = Source;
			sourceTree = "<group>";
		};
		00692BD914FF149000D0FFFF /* Resources */ = {
			isa = PBXGroup;
			children = (
				00748057165D41390024B57A /* assets */,
				4F704082E03942818672D826 /* CinderApp_ios.png */,
				ADD4FDF2AE8641CA8964FE23 /* Default-568h@2x.png */,
				23E6CC2560BA4C74BA676782 /* Info.plist */,
			);
			name = Resources;
			sourceTree = "<group>";
		};
		2367DDEC3E4A413E91D62680 /* pockets */ = {
			isa = PBXGroup;
			children = (
				15381C3B178094AF00F13C65 /* Renderer2dStrip.h */,
				15381C3C178094AF00F13C65 /* Renderer2dStrip.cpp */,
				1963E294E15543A4A86F3ECD /* AnimationUtils.cpp */,
				90512313D81B42D68E105099 /* ColorPalette.cpp */,
				58920F3ADDA242819ED93D8B /* ExpandedLine2d.cpp */,
				310276E624254F459E7D6FFC /* FatPath2d.cpp */,
				25A03D4DA50A40E8A458DCBB /* FileUtils.cpp */,
				E9777882C35E4D64BC8B1CDA /* ImagePacker.cpp */,
				7888080EE03D472B816A249D /* LineUtils.cpp */,
				4D81F926208940D9B990BB65 /* Locus2d.cpp */,
				03B734A1AF3E4AA5AFFFD3FB /* SimpleRenderer.cpp */,
				44E56F437424407BBDEF76E5 /* Sprite.cpp */,
				02F14BFDAACE4F8A93C2B2CD /* SpriteSheet.cpp */,
				A5F1A3B153274126A90A0BE4 /* AnimationUtils.h */,
				94F0BF75E8C040DEAD4B4EC7 /* ColorPalette.h */,
				45E5651F1BCC4E008FDCE253 /* ExpandedLine2d.h */,
				6E9E79A8F53D446692DBADCE /* FatPath2d.h */,
				F0D6216C96B34482A5208ABB /* FileUtils.h */,
				99855C13E93B40DF87A2461F /* ImagePacker.h */,
				B72CC808C4284DDF82694864 /* LineUtils.h */,
				A813A748F88F4599B16F51EA /* Locus2d.h */,
				3629D5DE876C49858CEE5350 /* Pockets.h */,
				4E979AD198FB46FDB38D8198 /* SimpleRenderer.h */,
				3AE7B7878ADF4A848C53C42B /* Sprite.h */,
				29EAEC0F9B204FE6965F74C1 /* SpriteSheet.h */,
				8B239FDCDFB14228970ACEAA /* gl */,
				863645F140054CE7998A4236 /* Pockets.h */,
			);
			name = pockets;
			sourceTree = "<group>";
		};
		5BBE3DED7A5E496CBF1121E7 /* Pockets */ = {
			isa = PBXGroup;
			children = (
				F1093764F78E4537BC9551AF /* src */,
			);
			name = Pockets;
			sourceTree = "<group>";
		};
		8B239FDCDFB14228970ACEAA /* gl */ = {
			isa = PBXGroup;
			children = (
				00EAB84F87D147F4A9D3A839 /* Vbo.cpp */,
				85956EF59F614DBDB6EA880E /* Vbo.h */,
			);
			name = gl;
			sourceTree = "<group>";
		};
		99692BD914FF149000D0A05F /* Headers */ = {
			isa = PBXGroup;
			children = (
				7F54C09A278D41CFBC30AC70 /* Resources.h */,
				363915B4B675453DB9AE77C2 /* RendererTest_Prefix.pch */,
			);
			name = Headers;
			sourceTree = "<group>";
		};
		99692BD914FF149000DFFFFF /* Blocks */ = {
			isa = PBXGroup;
			children = (
				5BBE3DED7A5E496CBF1121E7 /* Pockets */,
			);
			name = Blocks;
			sourceTree = "<group>";
		};
		F1093764F78E4537BC9551AF /* src */ = {
			isa = PBXGroup;
			children = (
				2367DDEC3E4A413E91D62680 /* pockets */,
			);
			name = src;
			sourceTree = "<group>";
		};
/* End PBXGroup section */

/* Begin PBXNativeTarget section */
		00692BCE14FF149000D0A05E /* RendererTest */ = {
			isa = PBXNativeTarget;
			buildConfigurationList = 00692BF514FF149000D0A05E /* Build configuration list for PBXNativeTarget "RendererTest" */;
			buildPhases = (
				00692BCB14FF149000D0A05E /* Sources */,
				00692BCC14FF149000D0A05E /* Frameworks */,
				00692BCD14FF149000D0A05E /* Resources */,
			);
			buildRules = (
			);
			dependencies = (
			);
			name = RendererTest;
			productName = RendererTest;
			productReference = 00692BCF14FF149000D0A05E /* RendererTest.app */;
			productType = "com.apple.product-type.application";
		};
/* End PBXNativeTarget section */

/* Begin PBXProject section */
		00692BC614FF149000D0A05E /* Project object */ = {
			isa = PBXProject;
			buildConfigurationList = 00692BC914FF149000D0A05E /* Build configuration list for PBXProject "RendererTest" */;
			compatibilityVersion = "Xcode 3.2";
			developmentRegion = English;
			hasScannedForEncodings = 0;
			knownRegions = (
				en,
			);
			mainGroup = 00692BC414FF149000D0A05E;
			productRefGroup = 00692BD014FF149000D0A05E /* Products */;
			projectDirPath = "";
			projectRoot = "";
			targets = (
				00692BCE14FF149000D0A05E /* RendererTest */,
			);
		};
/* End PBXProject section */

/* Begin PBXResourcesBuildPhase section */
		00692BCD14FF149000D0A05E /* Resources */ = {
			isa = PBXResourcesBuildPhase;
			buildActionMask = 2147483647;
			files = (
				00748058165D41390024B57A /* assets in Resources */,
				ED8312681A6D4FEA89069600 /* CinderApp_ios.png in Resources */,
				028B66FFBD7049E492AFB157 /* Default-568h@2x.png in Resources */,
			);
			runOnlyForDeploymentPostprocessing = 0;
		};
/* End PBXResourcesBuildPhase section */

/* Begin PBXSourcesBuildPhase section */
		00692BCB14FF149000D0A05E /* Sources */ = {
			isa = PBXSourcesBuildPhase;
			buildActionMask = 2147483647;
			files = (
				A9BAF7B1F27B4699B3BAC546 /* RendererTestApp.cpp in Sources */,
				82C898AD65ED43FF9B5E17AD /* AnimationUtils.cpp in Sources */,
				2ED38F6CF2CF47618328187A /* ColorPalette.cpp in Sources */,
				57AB8651357B428388F89BE1 /* ExpandedLine2d.cpp in Sources */,
				AC90CDB426694789BAD28DCD /* FatPath2d.cpp in Sources */,
				19305A5584C543D8AE894D01 /* FileUtils.cpp in Sources */,
				9C95E47E00C140A99F7E27F8 /* ImagePacker.cpp in Sources */,
				E65ECC32269440379A118169 /* LineUtils.cpp in Sources */,
				1312D0486853459F9336CB95 /* Locus2d.cpp in Sources */,
				BF06A5A166984FB2801C63E7 /* SimpleRenderer.cpp in Sources */,
				CFFD2C0F54224C0795CB2AC7 /* Sprite.cpp in Sources */,
				72DF2B44EEF94E409B0DBC0B /* SpriteSheet.cpp in Sources */,
				BE57EDF026B942DFB394D708 /* Vbo.cpp in Sources */,
				15381C3D178094AF00F13C65 /* Renderer2dStrip.cpp in Sources */,
			);
			runOnlyForDeploymentPostprocessing = 0;
		};
/* End PBXSourcesBuildPhase section */

/* Begin XCBuildConfiguration section */
		00692BF314FF149000D0A05E /* Debug */ = {
			isa = XCBuildConfiguration;
			buildSettings = {
				ALWAYS_SEARCH_USER_PATHS = NO;
				ARCHS = "$(ARCHS_STANDARD_32_BIT)";
				CINDER_PATH = ../../../../..;
				CLANG_CXX_LANGUAGE_STANDARD = "c++0x";
				CLANG_CXX_LIBRARY = "libc++";
				"CODE_SIGN_IDENTITY[sdk=iphoneos*]" = "iPhone Developer";
				COPY_PHASE_STRIP = NO;
				DEAD_CODE_STRIPPING = YES;
				GCC_C_LANGUAGE_STANDARD = gnu99;
				GCC_DYNAMIC_NO_PIC = NO;
				GCC_OPTIMIZATION_LEVEL = 0;
				GCC_PREPROCESSOR_DEFINITIONS = (
					"DEBUG=1",
					"$(inherited)",
				);
				GCC_SYMBOLS_PRIVATE_EXTERN = NO;
				GCC_VERSION = com.apple.compilers.llvm.clang.1_0;
				GCC_WARN_ABOUT_MISSING_PROTOTYPES = YES;
				GCC_WARN_ABOUT_RETURN_TYPE = YES;
				GCC_WARN_UNUSED_VARIABLE = YES;
				HEADER_SEARCH_PATHS = "\"$(CINDER_PATH)/boost\"";
				IPHONEOS_DEPLOYMENT_TARGET = 5.0;
				SDKROOT = iphoneos;
				TARGETED_DEVICE_FAMILY = "1,2";
				USER_HEADER_SEARCH_PATHS = "\"$(CINDER_PATH)/include\" ../include ../../../src";
			};
			name = Debug;
		};
		00692BF414FF149000D0A05E /* Release */ = {
			isa = XCBuildConfiguration;
			buildSettings = {
				ALWAYS_SEARCH_USER_PATHS = NO;
				ARCHS = "$(ARCHS_STANDARD_32_BIT)";
				CINDER_PATH = ../../../../..;
				CLANG_CXX_LANGUAGE_STANDARD = "c++0x";
				CLANG_CXX_LIBRARY = "libc++";
				"CODE_SIGN_IDENTITY[sdk=iphoneos*]" = "iPhone Developer";
				COPY_PHASE_STRIP = YES;
				DEAD_CODE_STRIPPING = YES;
				GCC_C_LANGUAGE_STANDARD = gnu99;
				GCC_VERSION = com.apple.compilers.llvm.clang.1_0;
				GCC_WARN_ABOUT_MISSING_PROTOTYPES = YES;
				GCC_WARN_ABOUT_RETURN_TYPE = YES;
				GCC_WARN_UNUSED_VARIABLE = YES;
				HEADER_SEARCH_PATHS = "\"$(CINDER_PATH)/boost\"";
				IPHONEOS_DEPLOYMENT_TARGET = 5.0;
				OTHER_CFLAGS = "-DNS_BLOCK_ASSERTIONS=1";
				SDKROOT = iphoneos;
				TARGETED_DEVICE_FAMILY = "1,2";
				USER_HEADER_SEARCH_PATHS = "\"$(CINDER_PATH)/include\" ../include ../../../src";
				VALIDATE_PRODUCT = YES;
			};
			name = Release;
		};
		00692BF614FF149000D0A05E /* Debug */ = {
			isa = XCBuildConfiguration;
			buildSettings = {
				GCC_PRECOMPILE_PREFIX_HEADER = YES;
				GCC_PREFIX_HEADER = RendererTest_Prefix.pch;
				INFOPLIST_FILE = Info.plist;
				"OTHER_LDFLAGS[sdk=iphoneos*][arch=*]" = (
					"\"$(CINDER_PATH)/lib/libcinder-iphone_d.a\"",
					"-lz",
				);
				"OTHER_LDFLAGS[sdk=iphonesimulator*][arch=*]" = (
					"\"$(CINDER_PATH)/lib/libcinder-iphone-sim_d.a\"",
					"-lz",
				);
				PRODUCT_NAME = "$(TARGET_NAME)";
				WRAPPER_EXTENSION = app;
			};
			name = Debug;
		};
		00692BF714FF149000D0A05E /* Release */ = {
			isa = XCBuildConfiguration;
			buildSettings = {
				GCC_PRECOMPILE_PREFIX_HEADER = YES;
				GCC_PREFIX_HEADER = RendererTest_Prefix.pch;
				INFOPLIST_FILE = Info.plist;
				"OTHER_LDFLAGS[sdk=iphoneos*][arch=*]" = (
					"\"$(CINDER_PATH)/lib/libcinder-iphone.a\"",
					"-lz",
				);
				"OTHER_LDFLAGS[sdk=iphonesimulator*][arch=*]" = (
					"\"$(CINDER_PATH)/lib/libcinder-iphone-sim.a\"",
					"-lz",
				);
				PRODUCT_NAME = "$(TARGET_NAME)";
				WRAPPER_EXTENSION = app;
			};
			name = Release;
		};
/* End XCBuildConfiguration section */

/* Begin XCConfigurationList section */
		00692BC914FF149000D0A05E /* Build configuration list for PBXProject "RendererTest" */ = {
			isa = XCConfigurationList;
			buildConfigurations = (
				00692BF314FF149000D0A05E /* Debug */,
				00692BF414FF149000D0A05E /* Release */,
			);
			defaultConfigurationIsVisible = 0;
			defaultConfigurationName = Release;
		};
		00692BF514FF149000D0A05E /* Build configuration list for PBXNativeTarget "RendererTest" */ = {
			isa = XCConfigurationList;
			buildConfigurations = (
				00692BF614FF149000D0A05E /* Debug */,
				00692BF714FF149000D0A05E /* Release */,
			);
			defaultConfigurationIsVisible = 0;
			defaultConfigurationName = Release;
		};
/* End XCConfigurationList section */
	};
	rootObject = 00692BC614FF149000D0A05E /* Project object */;
}
